
Microsoft Visual Studio Solution File, Format Version 12.00
# Visual Studio Version 16
VisualStudioVersion = 16.0.29326.143
MinimumVisualStudioVersion = 10.0.40219.1
Project("{FAE04EC0-301F-11D3-BF4B-00C04F79EFBC}") = "ContactBook", "ContactBook\ContactBook.csproj", "{7EF175B8-6415-4D51-8D20-3BE64C1B640A}"
EndProject
Project("{FAE04EC0-301F-11D3-BF4B-00C04F79EFBC}") = "ContactBook.services", "ContactBook.services\ContactBook.services.csproj", "{092C3B50-D5C9-427F-8B3D-D86CE4E2131A}"
EndProject
Project("{FAE04EC0-301F-11D3-BF4B-00C04F79EFBC}") = "ContactBook.data", "ContactBook.data\ContactBook.data.csproj", "{3BA0766E-576C-4C10-AF63-98BE051A5E2C}"
EndProject
Project("{FAE04EC0-301F-11D3-BF4B-00C04F79EFBC}") = "ContactBook.core", "ContactBook.core\ContactBook.core.csproj", "{646CFC16-F24A-41A4-991D-8011FA9DB8F3}"
EndProject
Project("{FAE04EC0-301F-11D3-BF4B-00C04F79EFBC}") = "ContactBook.Tests", "ContactBook.Tests\ContactBook.Tests.csproj", "{EA981591-530A-437F-ADFA-F3051E780049}"
EndProject
Global
	GlobalSection(SolutionConfigurationPlatforms) = preSolution
		Debug|Any CPU = Debug|Any CPU
		Release|Any CPU = Release|Any CPU
	EndGlobalSection
	GlobalSection(ProjectConfigurationPlatforms) = postSolution
		{7EF175B8-6415-4D51-8D20-3BE64C1B640A}.Debug|Any CPU.ActiveCfg = Debug|Any CPU
		{7EF175B8-6415-4D51-8D20-3BE64C1B640A}.Debug|Any CPU.Build.0 = Debug|Any CPU
		{7EF175B8-6415-4D51-8D20-3BE64C1B640A}.Release|Any CPU.ActiveCfg = Release|Any CPU
		{7EF175B8-6415-4D51-8D20-3BE64C1B640A}.Release|Any CPU.Build.0 = Release|Any CPU
		{092C3B50-D5C9-427F-8B3D-D86CE4E2131A}.Debug|Any CPU.ActiveCfg = Debug|Any CPU
		{092C3B50-D5C9-427F-8B3D-D86CE4E2131A}.Debug|Any CPU.Build.0 = Debug|Any CPU
		{092C3B50-D5C9-427F-8B3D-D86CE4E2131A}.Release|Any CPU.ActiveCfg = Release|Any CPU
		{092C3B50-D5C9-427F-8B3D-D86CE4E2131A}.Release|Any CPU.Build.0 = Release|Any CPU
		{3BA0766E-576C-4C10-AF63-98BE051A5E2C}.Debug|Any CPU.ActiveCfg = Debug|Any CPU
		{3BA0766E-576C-4C10-AF63-98BE051A5E2C}.Debug|Any CPU.Build.0 = Debug|Any CPU
		{3BA0766E-576C-4C10-AF63-98BE051A5E2C}.Release|Any CPU.ActiveCfg = Release|Any CPU
		{3BA0766E-576C-4C10-AF63-98BE051A5E2C}.Release|Any CPU.Build.0 = Release|Any CPU
		{646CFC16-F24A-41A4-991D-8011FA9DB8F3}.Debug|Any CPU.ActiveCfg = Debug|Any CPU
		{646CFC16-F24A-41A4-991D-8011FA9DB8F3}.Debug|Any CPU.Build.0 = Debug|Any CPU
		{646CFC16-F24A-41A4-991D-8011FA9DB8F3}.Release|Any CPU.ActiveCfg = Release|Any CPU
		{646CFC16-F24A-41A4-991D-8011FA9DB8F3}.Release|Any CPU.Build.0 = Release|Any CPU
		{EA981591-530A-437F-ADFA-F3051E780049}.Debug|Any CPU.ActiveCfg = Debug|Any CPU
		{EA981591-530A-437F-ADFA-F3051E780049}.Debug|Any CPU.Build.0 = Debug|Any CPU
		{EA981591-530A-437F-ADFA-F3051E780049}.Release|Any CPU.ActiveCfg = Release|Any CPU
		{EA981591-530A-437F-ADFA-F3051E780049}.Release|Any CPU.Build.0 = Release|Any CPU
	EndGlobalSection
	GlobalSection(SolutionProperties) = preSolution
		HideSolutionNode = FALSE
	EndGlobalSection
	GlobalSection(ExtensibilityGlobals) = postSolution
		SolutionGuid = {8DF71D3E-0F96-4DCE-A1DE-318ACB30BC0A}
	EndGlobalSection
EndGlobal
